// !$*UTF8*$!
{
	archiveVersion = 1;
	classes = {
	};
	objectVersion = 56;
	objects = {

/* Begin PBXBuildFile section */
		630B491B2A6E53E00042172D /* AppDelegate.swift in Sources */ = {isa = PBXBuildFile; fileRef = 630B491A2A6E53E00042172D /* AppDelegate.swift */; };
		630B491D2A6E53E00042172D /* SceneDelegate.swift in Sources */ = {isa = PBXBuildFile; fileRef = 630B491C2A6E53E00042172D /* SceneDelegate.swift */; };
		630B491F2A6E53E00042172D /* BoardVC.swift in Sources */ = {isa = PBXBuildFile; fileRef = 630B491E2A6E53E00042172D /* BoardVC.swift */; };
		630B49222A6E53E00042172D /* Main.storyboard in Resources */ = {isa = PBXBuildFile; fileRef = 630B49202A6E53E00042172D /* Main.storyboard */; };
		630B49242A6E53E10042172D /* Assets.xcassets in Resources */ = {isa = PBXBuildFile; fileRef = 630B49232A6E53E10042172D /* Assets.xcassets */; };
		630B49272A6E53E10042172D /* LaunchScreen.storyboard in Resources */ = {isa = PBXBuildFile; fileRef = 630B49252A6E53E10042172D /* LaunchScreen.storyboard */; };
		633FD1EC2A6E6E220042F908 /* NewWordVC.swift in Sources */ = {isa = PBXBuildFile; fileRef = 633FD1EB2A6E6E220042F908 /* NewWordVC.swift */; };
		633FD1EE2A6E6E430042F908 /* NewWordDummy.swift in Sources */ = {isa = PBXBuildFile; fileRef = 633FD1ED2A6E6E430042F908 /* NewWordDummy.swift */; };
		63488EBE2A6FF69000C1322B /* Day2_3.storyboard in Resources */ = {isa = PBXBuildFile; fileRef = 63488EBD2A6FF69000C1322B /* Day2_3.storyboard */; };
		63488EC12A7019F300C1322B /* MainVC.swift in Sources */ = {isa = PBXBuildFile; fileRef = 63488EC02A7019F300C1322B /* MainVC.swift */; };
		63488EC32A701C9300C1322B /* EmotionType.swift in Sources */ = {isa = PBXBuildFile; fileRef = 63488EC22A701C9300C1322B /* EmotionType.swift */; };
		6366FA782A71051600B8E94F /* StatisticsVC.swift in Sources */ = {isa = PBXBuildFile; fileRef = 6366FA772A71051600B8E94F /* StatisticsVC.swift */; };
		6366FA7B2A710E9700B8E94F /* LayoutPlayVC.swift in Sources */ = {isa = PBXBuildFile; fileRef = 6366FA7A2A710E9700B8E94F /* LayoutPlayVC.swift */; };
		63BB86F02A724C9F00AE70AA /* Setting_4.storyboard in Resources */ = {isa = PBXBuildFile; fileRef = 63BB86EF2A724C9F00AE70AA /* Setting_4.storyboard */; };
		63BB86F32A7256A300AE70AA /* Case2TableVC.swift in Sources */ = {isa = PBXBuildFile; fileRef = 63BB86F22A7256A300AE70AA /* Case2TableVC.swift */; };
		63BB86F52A725A8700AE70AA /* Case3TableVC.swift in Sources */ = {isa = PBXBuildFile; fileRef = 63BB86F42A725A8700AE70AA /* Case3TableVC.swift */; };
		63BB86F72A725ED200AE70AA /* CollectionExtension.swift in Sources */ = {isa = PBXBuildFile; fileRef = 63BB86F62A725ED200AE70AA /* CollectionExtension.swift */; };
/* End PBXBuildFile section */

/* Begin PBXFileReference section */
		630B49172A6E53E00042172D /* assign.app */ = {isa = PBXFileReference; explicitFileType = wrapper.application; includeInIndex = 0; path = assign.app; sourceTree = BUILT_PRODUCTS_DIR; };
		630B491A2A6E53E00042172D /* AppDelegate.swift */ = {isa = PBXFileReference; lastKnownFileType = sourcecode.swift; path = AppDelegate.swift; sourceTree = "<group>"; };
		630B491C2A6E53E00042172D /* SceneDelegate.swift */ = {isa = PBXFileReference; lastKnownFileType = sourcecode.swift; path = SceneDelegate.swift; sourceTree = "<group>"; };
		630B491E2A6E53E00042172D /* BoardVC.swift */ = {isa = PBXFileReference; lastKnownFileType = sourcecode.swift; path = BoardVC.swift; sourceTree = "<group>"; };
		630B49212A6E53E00042172D /* Base */ = {isa = PBXFileReference; lastKnownFileType = file.storyboard; name = Base; path = Base.lproj/Main.storyboard; sourceTree = "<group>"; };
		630B49232A6E53E10042172D /* Assets.xcassets */ = {isa = PBXFileReference; lastKnownFileType = folder.assetcatalog; path = Assets.xcassets; sourceTree = "<group>"; };
		630B49262A6E53E10042172D /* Base */ = {isa = PBXFileReference; lastKnownFileType = file.storyboard; name = Base; path = Base.lproj/LaunchScreen.storyboard; sourceTree = "<group>"; };
		630B49282A6E53E10042172D /* Info.plist */ = {isa = PBXFileReference; lastKnownFileType = text.plist.xml; path = Info.plist; sourceTree = "<group>"; };
		633FD1EB2A6E6E220042F908 /* NewWordVC.swift */ = {isa = PBXFileReference; lastKnownFileType = sourcecode.swift; path = NewWordVC.swift; sourceTree = "<group>"; };
		633FD1ED2A6E6E430042F908 /* NewWordDummy.swift */ = {isa = PBXFileReference; lastKnownFileType = sourcecode.swift; path = NewWordDummy.swift; sourceTree = "<group>"; };
		63488EBD2A6FF69000C1322B /* Day2_3.storyboard */ = {isa = PBXFileReference; lastKnownFileType = file.storyboard; path = Day2_3.storyboard; sourceTree = "<group>"; };
		63488EC02A7019F300C1322B /* MainVC.swift */ = {isa = PBXFileReference; lastKnownFileType = sourcecode.swift; path = MainVC.swift; sourceTree = "<group>"; };
		63488EC22A701C9300C1322B /* EmotionType.swift */ = {isa = PBXFileReference; lastKnownFileType = sourcecode.swift; path = EmotionType.swift; sourceTree = "<group>"; };
		6366FA772A71051600B8E94F /* StatisticsVC.swift */ = {isa = PBXFileReference; lastKnownFileType = sourcecode.swift; path = StatisticsVC.swift; sourceTree = "<group>"; };
		6366FA7A2A710E9700B8E94F /* LayoutPlayVC.swift */ = {isa = PBXFileReference; lastKnownFileType = sourcecode.swift; path = LayoutPlayVC.swift; sourceTree = "<group>"; };
		63BB86EF2A724C9F00AE70AA /* Setting_4.storyboard */ = {isa = PBXFileReference; lastKnownFileType = file.storyboard; path = Setting_4.storyboard; sourceTree = "<group>"; };
		63BB86F22A7256A300AE70AA /* Case2TableVC.swift */ = {isa = PBXFileReference; lastKnownFileType = sourcecode.swift; path = Case2TableVC.swift; sourceTree = "<group>"; };
		63BB86F42A725A8700AE70AA /* Case3TableVC.swift */ = {isa = PBXFileReference; lastKnownFileType = sourcecode.swift; path = Case3TableVC.swift; sourceTree = "<group>"; };
		63BB86F62A725ED200AE70AA /* CollectionExtension.swift */ = {isa = PBXFileReference; lastKnownFileType = sourcecode.swift; path = CollectionExtension.swift; sourceTree = "<group>"; };
/* End PBXFileReference section */

/* Begin PBXFrameworksBuildPhase section */
		630B49142A6E53E00042172D /* Frameworks */ = {
			isa = PBXFrameworksBuildPhase;
			buildActionMask = 2147483647;
			files = (
			);
			runOnlyForDeploymentPostprocessing = 0;
		};
/* End PBXFrameworksBuildPhase section */

/* Begin PBXGroup section */
		630B490E2A6E53E00042172D = {
			isa = PBXGroup;
			children = (
				630B49192A6E53E00042172D /* assign */,
				630B49182A6E53E00042172D /* Products */,
			);
			sourceTree = "<group>";
		};
		630B49182A6E53E00042172D /* Products */ = {
			isa = PBXGroup;
			children = (
				630B49172A6E53E00042172D /* assign.app */,
			);
			name = Products;
			sourceTree = "<group>";
		};
		630B49192A6E53E00042172D /* assign */ = {
			isa = PBXGroup;
			children = (
				63BB86F12A724CCB00AE70AA /* SettingGroup */,
				6366FA792A710E7900B8E94F /* LayoutPlay */,
				63488EBF2A7019EA00C1322B /* ohmymood */,
				630B491A2A6E53E00042172D /* AppDelegate.swift */,
				630B491C2A6E53E00042172D /* SceneDelegate.swift */,
				630B491E2A6E53E00042172D /* BoardVC.swift */,
				630B49202A6E53E00042172D /* Main.storyboard */,
				630B49232A6E53E10042172D /* Assets.xcassets */,
				630B49252A6E53E10042172D /* LaunchScreen.storyboard */,
				630B49282A6E53E10042172D /* Info.plist */,
				633FD1EB2A6E6E220042F908 /* NewWordVC.swift */,
				633FD1ED2A6E6E430042F908 /* NewWordDummy.swift */,
				63488EBD2A6FF69000C1322B /* Day2_3.storyboard */,
				63BB86F62A725ED200AE70AA /* CollectionExtension.swift */,
			);
			path = assign;
			sourceTree = "<group>";
		};
		63488EBF2A7019EA00C1322B /* ohmymood */ = {
			isa = PBXGroup;
			children = (
				63488EC02A7019F300C1322B /* MainVC.swift */,
				63488EC22A701C9300C1322B /* EmotionType.swift */,
				6366FA772A71051600B8E94F /* StatisticsVC.swift */,
			);
			path = ohmymood;
			sourceTree = "<group>";
		};
		6366FA792A710E7900B8E94F /* LayoutPlay */ = {
			isa = PBXGroup;
			children = (
				6366FA7A2A710E9700B8E94F /* LayoutPlayVC.swift */,
			);
			path = LayoutPlay;
			sourceTree = "<group>";
		};
		63BB86F12A724CCB00AE70AA /* SettingGroup */ = {
			isa = PBXGroup;
			children = (
				63BB86EF2A724C9F00AE70AA /* Setting_4.storyboard */,
				63BB86F22A7256A300AE70AA /* Case2TableVC.swift */,
				63BB86F42A725A8700AE70AA /* Case3TableVC.swift */,
			);
			path = SettingGroup;
			sourceTree = "<group>";
		};
/* End PBXGroup section */

/* Begin PBXNativeTarget section */
		630B49162A6E53E00042172D /* assign */ = {
			isa = PBXNativeTarget;
			buildConfigurationList = 630B492B2A6E53E10042172D /* Build configuration list for PBXNativeTarget "assign" */;
			buildPhases = (
				630B49132A6E53E00042172D /* Sources */,
				630B49142A6E53E00042172D /* Frameworks */,
				630B49152A6E53E00042172D /* Resources */,
			);
			buildRules = (
			);
			dependencies = (
			);
			name = assign;
			productName = assign;
			productReference = 630B49172A6E53E00042172D /* assign.app */;
			productType = "com.apple.product-type.application";
		};
/* End PBXNativeTarget section */

/* Begin PBXProject section */
		630B490F2A6E53E00042172D /* Project object */ = {
			isa = PBXProject;
			attributes = {
				BuildIndependentTargetsInParallel = 1;
				LastSwiftUpdateCheck = 1430;
				LastUpgradeCheck = 1430;
				TargetAttributes = {
					630B49162A6E53E00042172D = {
						CreatedOnToolsVersion = 14.3.1;
					};
				};
			};
			buildConfigurationList = 630B49122A6E53E00042172D /* Build configuration list for PBXProject "assign5" */;
			compatibilityVersion = "Xcode 14.0";
			developmentRegion = en;
			hasScannedForEncodings = 0;
			knownRegions = (
				en,
				Base,
			);
			mainGroup = 630B490E2A6E53E00042172D;
			productRefGroup = 630B49182A6E53E00042172D /* Products */;
			projectDirPath = "";
			projectRoot = "";
			targets = (
				630B49162A6E53E00042172D /* assign */,
			);
		};
/* End PBXProject section */

/* Begin PBXResourcesBuildPhase section */
		630B49152A6E53E00042172D /* Resources */ = {
			isa = PBXResourcesBuildPhase;
			buildActionMask = 2147483647;
			files = (
				630B49272A6E53E10042172D /* LaunchScreen.storyboard in Resources */,
				630B49242A6E53E10042172D /* Assets.xcassets in Resources */,
				63BB86F02A724C9F00AE70AA /* Setting_4.storyboard in Resources */,
				63488EBE2A6FF69000C1322B /* Day2_3.storyboard in Resources */,
				630B49222A6E53E00042172D /* Main.storyboard in Resources */,
			);
			runOnlyForDeploymentPostprocessing = 0;
		};
/* End PBXResourcesBuildPhase section */

/* Begin PBXSourcesBuildPhase section */
		630B49132A6E53E00042172D /* Sources */ = {
			isa = PBXSourcesBuildPhase;
			buildActionMask = 2147483647;
			files = (
				630B491F2A6E53E00042172D /* BoardVC.swift in Sources */,
				6366FA782A71051600B8E94F /* StatisticsVC.swift in Sources */,
				63488EC12A7019F300C1322B /* MainVC.swift in Sources */,
				633FD1EC2A6E6E220042F908 /* NewWordVC.swift in Sources */,
				63488EC32A701C9300C1322B /* EmotionType.swift in Sources */,
				63BB86F72A725ED200AE70AA /* CollectionExtension.swift in Sources */,
				630B491B2A6E53E00042172D /* AppDelegate.swift in Sources */,
				63BB86F32A7256A300AE70AA /* Case2TableVC.swift in Sources */,
				630B491D2A6E53E00042172D /* SceneDelegate.swift in Sources */,
				63BB86F52A725A8700AE70AA /* Case3TableVC.swift in Sources */,
				633FD1EE2A6E6E430042F908 /* NewWordDummy.swift in Sources */,
				6366FA7B2A710E9700B8E94F /* LayoutPlayVC.swift in Sources */,
			);
			runOnlyForDeploymentPostprocessing = 0;
		};
/* End PBXSourcesBuildPhase section */

/* Begin PBXVariantGroup section */
		630B49202A6E53E00042172D /* Main.storyboard */ = {
			isa = PBXVariantGroup;
			children = (
				630B49212A6E53E00042172D /* Base */,
			);
			name = Main.storyboard;
			sourceTree = "<group>";
		};
		630B49252A6E53E10042172D /* LaunchScreen.storyboard */ = {
			isa = PBXVariantGroup;
			children = (
				630B49262A6E53E10042172D /* Base */,
			);
			name = LaunchScreen.storyboard;
			sourceTree = "<group>";
		};
/* End PBXVariantGroup section */

/* Begin XCBuildConfiguration section */
		630B49292A6E53E10042172D /* Debug */ = {
			isa = XCBuildConfiguration;
			buildSettings = {
				ALWAYS_SEARCH_USER_PATHS = NO;
				CLANG_ANALYZER_NONNULL = YES;
				CLANG_ANALYZER_NUMBER_OBJECT_CONVERSION = YES_AGGRESSIVE;
				CLANG_CXX_LANGUAGE_STANDARD = "gnu++20";
				CLANG_ENABLE_MODULES = YES;
				CLANG_ENABLE_OBJC_ARC = YES;
				CLANG_ENABLE_OBJC_WEAK = YES;
				CLANG_WARN_BLOCK_CAPTURE_AUTORELEASING = YES;
				CLANG_WARN_BOOL_CONVERSION = YES;
				CLANG_WARN_COMMA = YES;
				CLANG_WARN_CONSTANT_CONVERSION = YES;
				CLANG_WARN_DEPRECATED_OBJC_IMPLEMENTATIONS = YES;
				CLANG_WARN_DIRECT_OBJC_ISA_USAGE = YES_ERROR;
				CLANG_WARN_DOCUMENTATION_COMMENTS = YES;
				CLANG_WARN_EMPTY_BODY = YES;
				CLANG_WARN_ENUM_CONVERSION = YES;
				CLANG_WARN_INFINITE_RECURSION = YES;
				CLANG_WARN_INT_CONVERSION = YES;
				CLANG_WARN_NON_LITERAL_NULL_CONVERSION = YES;
				CLANG_WARN_OBJC_IMPLICIT_RETAIN_SELF = YES;
				CLANG_WARN_OBJC_LITERAL_CONVERSION = YES;
				CLANG_WARN_OBJC_ROOT_CLASS = YES_ERROR;
				CLANG_WARN_QUOTED_INCLUDE_IN_FRAMEWORK_HEADER = YES;
				CLANG_WARN_RANGE_LOOP_ANALYSIS = YES;
				CLANG_WARN_STRICT_PROTOTYPES = YES;
				CLANG_WARN_SUSPICIOUS_MOVE = YES;
				CLANG_WARN_UNGUARDED_AVAILABILITY = YES_AGGRESSIVE;
				CLANG_WARN_UNREACHABLE_CODE = YES;
				CLANG_WARN__DUPLICATE_METHOD_MATCH = YES;
				COPY_PHASE_STRIP = NO;
				DEBUG_INFORMATION_FORMAT = dwarf;
				ENABLE_STRICT_OBJC_MSGSEND = YES;
				ENABLE_TESTABILITY = YES;
				GCC_C_LANGUAGE_STANDARD = gnu11;
				GCC_DYNAMIC_NO_PIC = NO;
				GCC_NO_COMMON_BLOCKS = YES;
				GCC_OPTIMIZATION_LEVEL = 0;
				GCC_PREPROCESSOR_DEFINITIONS = (
					"DEBUG=1",
					"$(inherited)",
				);
				GCC_WARN_64_TO_32_BIT_CONVERSION = YES;
				GCC_WARN_ABOUT_RETURN_TYPE = YES_ERROR;
				GCC_WARN_UNDECLARED_SELECTOR = YES;
				GCC_WARN_UNINITIALIZED_AUTOS = YES_AGGRESSIVE;
				GCC_WARN_UNUSED_FUNCTION = YES;
				GCC_WARN_UNUSED_VARIABLE = YES;
				IPHONEOS_DEPLOYMENT_TARGET = 16.4;
				MTL_ENABLE_DEBUG_INFO = INCLUDE_SOURCE;
				MTL_FAST_MATH = YES;
				ONLY_ACTIVE_ARCH = YES;
				SDKROOT = iphoneos;
				SWIFT_ACTIVE_COMPILATION_CONDITIONS = DEBUG;
				SWIFT_OPTIMIZATION_LEVEL = "-Onone";
			};
			name = Debug;
		};
		630B492A2A6E53E10042172D /* Release */ = {
			isa = XCBuildConfiguration;
			buildSettings = {
				ALWAYS_SEARCH_USER_PATHS = NO;
				CLANG_ANALYZER_NONNULL = YES;
				CLANG_ANALYZER_NUMBER_OBJECT_CONVERSION = YES_AGGRESSIVE;
				CLANG_CXX_LANGUAGE_STANDARD = "gnu++20";
				CLANG_ENABLE_MODULES = YES;
				CLANG_ENABLE_OBJC_ARC = YES;
				CLANG_ENABLE_OBJC_WEAK = YES;
				CLANG_WARN_BLOCK_CAPTURE_AUTORELEASING = YES;
				CLANG_WARN_BOOL_CONVERSION = YES;
				CLANG_WARN_COMMA = YES;
				CLANG_WARN_CONSTANT_CONVERSION = YES;
				CLANG_WARN_DEPRECATED_OBJC_IMPLEMENTATIONS = YES;
				CLANG_WARN_DIRECT_OBJC_ISA_USAGE = YES_ERROR;
				CLANG_WARN_DOCUMENTATION_COMMENTS = YES;
				CLANG_WARN_EMPTY_BODY = YES;
				CLANG_WARN_ENUM_CONVERSION = YES;
				CLANG_WARN_INFINITE_RECURSION = YES;
				CLANG_WARN_INT_CONVERSION = YES;
				CLANG_WARN_NON_LITERAL_NULL_CONVERSION = YES;
				CLANG_WARN_OBJC_IMPLICIT_RETAIN_SELF = YES;
				CLANG_WARN_OBJC_LITERAL_CONVERSION = YES;
				CLANG_WARN_OBJC_ROOT_CLASS = YES_ERROR;
				CLANG_WARN_QUOTED_INCLUDE_IN_FRAMEWORK_HEADER = YES;
				CLANG_WARN_RANGE_LOOP_ANALYSIS = YES;
				CLANG_WARN_STRICT_PROTOTYPES = YES;
				CLANG_WARN_SUSPICIOUS_MOVE = YES;
				CLANG_WARN_UNGUARDED_AVAILABILITY = YES_AGGRESSIVE;
				CLANG_WARN_UNREACHABLE_CODE = YES;
				CLANG_WARN__DUPLICATE_METHOD_MATCH = YES;
				COPY_PHASE_STRIP = NO;
				DEBUG_INFORMATION_FORMAT = "dwarf-with-dsym";
				ENABLE_NS_ASSERTIONS = NO;
				ENABLE_STRICT_OBJC_MSGSEND = YES;
				GCC_C_LANGUAGE_STANDARD = gnu11;
				GCC_NO_COMMON_BLOCKS = YES;
				GCC_WARN_64_TO_32_BIT_CONVERSION = YES;
				GCC_WARN_ABOUT_RETURN_TYPE = YES_ERROR;
				GCC_WARN_UNDECLARED_SELECTOR = YES;
				GCC_WARN_UNINITIALIZED_AUTOS = YES_AGGRESSIVE;
				GCC_WARN_UNUSED_FUNCTION = YES;
				GCC_WARN_UNUSED_VARIABLE = YES;
				IPHONEOS_DEPLOYMENT_TARGET = 16.4;
				MTL_ENABLE_DEBUG_INFO = NO;
				MTL_FAST_MATH = YES;
				SDKROOT = iphoneos;
				SWIFT_COMPILATION_MODE = wholemodule;
				SWIFT_OPTIMIZATION_LEVEL = "-O";
				VALIDATE_PRODUCT = YES;
			};
			name = Release;
		};
		630B492C2A6E53E10042172D /* Debug */ = {
			isa = XCBuildConfiguration;
			buildSettings = {
				ASSETCATALOG_COMPILER_APPICON_NAME = AppIcon;
				ASSETCATALOG_COMPILER_GLOBAL_ACCENT_COLOR_NAME = AccentColor;
				CODE_SIGN_STYLE = Automatic;
				CURRENT_PROJECT_VERSION = 1;
				DEVELOPMENT_TEAM = 3W9F68ZTUJ;
				GENERATE_INFOPLIST_FILE = YES;
				INFOPLIST_FILE = assign/Info.plist;
				INFOPLIST_KEY_UIApplicationSupportsIndirectInputEvents = YES;
				INFOPLIST_KEY_UILaunchStoryboardName = LaunchScreen;
				INFOPLIST_KEY_UIMainStoryboardFile = Main;
				INFOPLIST_KEY_UISupportedInterfaceOrientations = UIInterfaceOrientationPortrait;
				INFOPLIST_KEY_UISupportedInterfaceOrientations_iPad = "UIInterfaceOrientationLandscapeLeft UIInterfaceOrientationLandscapeRight UIInterfaceOrientationPortrait UIInterfaceOrientationPortraitUpsideDown";
				LD_RUNPATH_SEARCH_PATHS = (
					"$(inherited)",
					"@executable_path/Frameworks",
				);
				MARKETING_VERSION = 1.0;
				PRODUCT_BUNDLE_IDENTIFIER = ii.assign;
				PRODUCT_NAME = "$(TARGET_NAME)";
				SUPPORTED_PLATFORMS = "iphoneos iphonesimulator";
				SUPPORTS_MACCATALYST = NO;
				SUPPORTS_MAC_DESIGNED_FOR_IPHONE_IPAD = NO;
				SWIFT_EMIT_LOC_STRINGS = YES;
				SWIFT_VERSION = 5.0;
				TARGETED_DEVICE_FAMILY = 1;
			};
			name = Debug;
		};
		630B492D2A6E53E10042172D /* Release */ = {
			isa = XCBuildConfiguration;
			buildSettings = {
				ASSETCATALOG_COMPILER_APPICON_NAME = AppIcon;
				ASSETCATALOG_COMPILER_GLOBAL_ACCENT_COLOR_NAME = AccentColor;
				CODE_SIGN_STYLE = Automatic;
				CURRENT_PROJECT_VERSION = 1;
				DEVELOPMENT_TEAM = 3W9F68ZTUJ;
				GENERATE_INFOPLIST_FILE = YES;
				INFOPLIST_FILE = assign/Info.plist;
				INFOPLIST_KEY_UIApplicationSupportsIndirectInputEvents = YES;
				INFOPLIST_KEY_UILaunchStoryboardName = LaunchScreen;
				INFOPLIST_KEY_UIMainStoryboardFile = Main;
				INFOPLIST_KEY_UISupportedInterfaceOrientations = UIInterfaceOrientationPortrait;
				INFOPLIST_KEY_UISupportedInterfaceOrientations_iPad = "UIInterfaceOrientationLandscapeLeft UIInterfaceOrientationLandscapeRight UIInterfaceOrientationPortrait UIInterfaceOrientationPortraitUpsideDown";
				LD_RUNPATH_SEARCH_PATHS = (
					"$(inherited)",
					"@executable_path/Frameworks",
				);
				MARKETING_VERSION = 1.0;
				PRODUCT_BUNDLE_IDENTIFIER = ii.assign;
				PRODUCT_NAME = "$(TARGET_NAME)";
				SUPPORTED_PLATFORMS = "iphoneos iphonesimulator";
				SUPPORTS_MACCATALYST = NO;
				SUPPORTS_MAC_DESIGNED_FOR_IPHONE_IPAD = NO;
				SWIFT_EMIT_LOC_STRINGS = YES;
				SWIFT_VERSION = 5.0;
				TARGETED_DEVICE_FAMILY = 1;
			};
			name = Release;
		};
/* End XCBuildConfiguration section */

/* Begin XCConfigurationList section */
		630B49122A6E53E00042172D /* Build configuration list for PBXProject "assign5" */ = {
			isa = XCConfigurationList;
			buildConfigurations = (
				630B49292A6E53E10042172D /* Debug */,
				630B492A2A6E53E10042172D /* Release */,
			);
			defaultConfigurationIsVisible = 0;
			defaultConfigurationName = Release;
		};
		630B492B2A6E53E10042172D /* Build configuration list for PBXNativeTarget "assign" */ = {
			isa = XCConfigurationList;
			buildConfigurations = (
				630B492C2A6E53E10042172D /* Debug */,
				630B492D2A6E53E10042172D /* Release */,
			);
			defaultConfigurationIsVisible = 0;
			defaultConfigurationName = Release;
		};
/* End XCConfigurationList section */
	};
	rootObject = 630B490F2A6E53E00042172D /* Project object */;
}
